<?xml version="1.0" encoding="utf-8"?>
<Project ToolsVersion="4.0" xmlns="http://schemas.microsoft.com/developer/msbuild/2003">
  <ItemGroup>
    <Filter Include="src">
      <UniqueIdentifier>{6e4ffa02-e4a8-465b-82fe-c8b0bbb73861}</UniqueIdentifier>
    </Filter>
    <Filter Include="src\include">
      <UniqueIdentifier>{e225ea38-f47f-4dc4-a157-6647c992216b}</UniqueIdentifier>
    </Filter>
    <Filter Include="src\source">
      <UniqueIdentifier>{35a2d20b-de4e-4181-b5bf-c15e8efa1a35}</UniqueIdentifier>
    </Filter>
  </ItemGroup>
  <ItemGroup>
    <ClCompile Include="..\src\main.cpp">
      <Filter>src\source</Filter>
    </ClCompile>
    <ClCompile Include="..\src\application.cpp">
      <Filter>src\source</Filter>
    </ClCompile>
    <ClCompile Include="..\src\cmdargparser.cpp">
      <Filter>src\source</Filter>
    </ClCompile>
    <ClCompile Include="..\src\pmd.cpp">
      <Filter>src\source</Filter>
    </ClCompile>
    <ClCompile Include="..\src\planet-sector.cpp">
      <Filter>src\source</Filter>
    </ClCompile>
    <ClCompile Include="..\src\planet.cpp">
      <Filter>src\source</Filter>
    </ClCompile>
  </ItemGroup>
  <ItemGroup>
    <ClInclude Include="..\include\worldgen.hpp">
      <Filter>src\include</Filter>
    </ClInclude>
    <ClInclude Include="..\include\application.hpp">
      <Filter>src\include</Filter>
    </ClInclude>
    <ClInclude Include="..\include\cmdargparser.hpp">
      <Filter>src\include</Filter>
    </ClInclude>
    <ClInclude Include="..\include\pmd.hpp">
      <Filter>src\include</Filter>
    </ClInclude>
    <ClInclude Include="..\include\planet-sector.hpp">
      <Filter>src\include</Filter>
    </ClInclude>
    <ClInclude Include="..\include\planet.hpp">
      <Filter>src\include</Filter>
    </ClInclude>
  </ItemGroup>
</Project>